
Microsoft Visual Studio Solution File, Format Version 12.00
# Visual Studio Version 17
VisualStudioVersion = 17.4.33122.133
MinimumVisualStudioVersion = 10.0.40219.1
Project("{FAE04EC0-301F-11D3-BF4B-00C04F79EFBC}") = "CurrencyBank", "CurrencyBank\CurrencyBank.csproj", "{F5F33BB6-BE64-44BF-8468-03C0A72CF657}"
EndProject
Global
	GlobalSection(SolutionConfigurationPlatforms) = preSolution
		Debug|Any CPU = Debug|Any CPU
		Release|Any CPU = Release|Any CPU
	EndGlobalSection
	GlobalSection(ProjectConfigurationPlatforms) = postSolution
		{F5F33BB6-BE64-44BF-8468-03C0A72CF657}.Debug|Any CPU.ActiveCfg = Debug|Any CPU
		{F5F33BB6-BE64-44BF-8468-03C0A72CF657}.Debug|Any CPU.Build.0 = Debug|Any CPU
		{F5F33BB6-BE64-44BF-8468-03C0A72CF657}.Release|Any CPU.ActiveCfg = Release|Any CPU
		{F5F33BB6-BE64-44BF-8468-03C0A72CF657}.Release|Any CPU.Build.0 = Release|Any CPU
	EndGlobalSection
	GlobalSection(SolutionProperties) = preSolution
		HideSolutionNode = FALSE
	EndGlobalSection
	GlobalSection(ExtensibilityGlobals) = postSolution
		SolutionGuid = {65AF3D87-F664-4D0D-BEB4-952E64A9595D}
	EndGlobalSection
EndGlobal
